dependencies:
  idf:
    component_hash: null
    source:
      type: idf
    version: 5.1.0
  lvgl/lvgl:
    component_hash: 7b7ee85e48c2eb35bb242a8c7e0e4cd702e150541afb3f69089fb7ba81554d14
    source:
      service_url: https://api.components.espressif.com/
      type: service
    version: 8.3.0
manifest_hash: 6f2760de94252926229eba056ac9261d11d5fc422ad70dc5a2539225d27660a1
target: esp32s3
version: 1.0.0
